
Microsoft Visual Studio Solution File, Format Version 12.00
# Visual Studio Version 17
VisualStudioVersion = 17.0.31903.59
MinimumVisualStudioVersion = 10.0.40219.1
Project("{2150E333-8FDC-42A3-9474-1A3956D46DE8}") = "src", "src", "{827E0CD3-B72D-47B6-A68D-7590B98EB39B}"
EndProject
Project("{FAE04EC0-301F-11D3-BF4B-00C04F79EFBC}") = "FitX.API", "src\FitX.API\FitX.API.csproj", "{402D1E5E-A81A-4F20-9B67-F6C4CE058AC9}"
EndProject
Project("{FAE04EC0-301F-11D3-BF4B-00C04F79EFBC}") = "FitX.Application", "src\FitX.Application\FitX.Application.csproj", "{FB680BA4-78A3-4C22-89F0-7F10E3E10E99}"
EndProject
Project("{FAE04EC0-301F-11D3-BF4B-00C04F79EFBC}") = "FitX.Domain", "src\FitX.Domain\FitX.Domain.csproj", "{E576925B-7AA8-4AA1-9643-54D1A04E33C1}"
EndProject
Project("{FAE04EC0-301F-11D3-BF4B-00C04F79EFBC}") = "FitX.Infrastructure", "src\FitX.Infrastructure\FitX.Infrastructure.csproj", "{5B3AB483-4E73-41C6-A069-5DB5FA4A49D9}"
EndProject
Project("{FAE04EC0-301F-11D3-BF4B-00C04F79EFBC}") = "FitX.Persistence", "src\FitX.Persistence\FitX.Persistence.csproj", "{D057E008-FFDA-4DB8-BEAD-44B0B1F2F21B}"
EndProject
Project("{FAE04EC0-301F-11D3-BF4B-00C04F79EFBC}") = "FitX.Identity", "src\FitX.Identity\FitX.Identity.csproj", "{108B44DE-C5C6-4E20-ABAC-20548C26594E}"
EndProject
Global
	GlobalSection(SolutionConfigurationPlatforms) = preSolution
		Debug|Any CPU = Debug|Any CPU
		Debug|x64 = Debug|x64
		Debug|x86 = Debug|x86
		Release|Any CPU = Release|Any CPU
		Release|x64 = Release|x64
		Release|x86 = Release|x86
	EndGlobalSection
	GlobalSection(ProjectConfigurationPlatforms) = postSolution
		{402D1E5E-A81A-4F20-9B67-F6C4CE058AC9}.Debug|Any CPU.ActiveCfg = Debug|Any CPU
		{402D1E5E-A81A-4F20-9B67-F6C4CE058AC9}.Debug|Any CPU.Build.0 = Debug|Any CPU
		{402D1E5E-A81A-4F20-9B67-F6C4CE058AC9}.Debug|x64.ActiveCfg = Debug|Any CPU
		{402D1E5E-A81A-4F20-9B67-F6C4CE058AC9}.Debug|x64.Build.0 = Debug|Any CPU
		{402D1E5E-A81A-4F20-9B67-F6C4CE058AC9}.Debug|x86.ActiveCfg = Debug|Any CPU
		{402D1E5E-A81A-4F20-9B67-F6C4CE058AC9}.Debug|x86.Build.0 = Debug|Any CPU
		{402D1E5E-A81A-4F20-9B67-F6C4CE058AC9}.Release|Any CPU.ActiveCfg = Release|Any CPU
		{402D1E5E-A81A-4F20-9B67-F6C4CE058AC9}.Release|Any CPU.Build.0 = Release|Any CPU
		{402D1E5E-A81A-4F20-9B67-F6C4CE058AC9}.Release|x64.ActiveCfg = Release|Any CPU
		{402D1E5E-A81A-4F20-9B67-F6C4CE058AC9}.Release|x64.Build.0 = Release|Any CPU
		{402D1E5E-A81A-4F20-9B67-F6C4CE058AC9}.Release|x86.ActiveCfg = Release|Any CPU
		{402D1E5E-A81A-4F20-9B67-F6C4CE058AC9}.Release|x86.Build.0 = Release|Any CPU
		{FB680BA4-78A3-4C22-89F0-7F10E3E10E99}.Debug|Any CPU.ActiveCfg = Debug|Any CPU
		{FB680BA4-78A3-4C22-89F0-7F10E3E10E99}.Debug|Any CPU.Build.0 = Debug|Any CPU
		{FB680BA4-78A3-4C22-89F0-7F10E3E10E99}.Debug|x64.ActiveCfg = Debug|Any CPU
		{FB680BA4-78A3-4C22-89F0-7F10E3E10E99}.Debug|x64.Build.0 = Debug|Any CPU
		{FB680BA4-78A3-4C22-89F0-7F10E3E10E99}.Debug|x86.ActiveCfg = Debug|Any CPU
		{FB680BA4-78A3-4C22-89F0-7F10E3E10E99}.Debug|x86.Build.0 = Debug|Any CPU
		{FB680BA4-78A3-4C22-89F0-7F10E3E10E99}.Release|Any CPU.ActiveCfg = Release|Any CPU
		{FB680BA4-78A3-4C22-89F0-7F10E3E10E99}.Release|Any CPU.Build.0 = Release|Any CPU
		{FB680BA4-78A3-4C22-89F0-7F10E3E10E99}.Release|x64.ActiveCfg = Release|Any CPU
		{FB680BA4-78A3-4C22-89F0-7F10E3E10E99}.Release|x64.Build.0 = Release|Any CPU
		{FB680BA4-78A3-4C22-89F0-7F10E3E10E99}.Release|x86.ActiveCfg = Release|Any CPU
		{FB680BA4-78A3-4C22-89F0-7F10E3E10E99}.Release|x86.Build.0 = Release|Any CPU
		{E576925B-7AA8-4AA1-9643-54D1A04E33C1}.Debug|Any CPU.ActiveCfg = Debug|Any CPU
		{E576925B-7AA8-4AA1-9643-54D1A04E33C1}.Debug|Any CPU.Build.0 = Debug|Any CPU
		{E576925B-7AA8-4AA1-9643-54D1A04E33C1}.Debug|x64.ActiveCfg = Debug|Any CPU
		{E576925B-7AA8-4AA1-9643-54D1A04E33C1}.Debug|x64.Build.0 = Debug|Any CPU
		{E576925B-7AA8-4AA1-9643-54D1A04E33C1}.Debug|x86.ActiveCfg = Debug|Any CPU
		{E576925B-7AA8-4AA1-9643-54D1A04E33C1}.Debug|x86.Build.0 = Debug|Any CPU
		{E576925B-7AA8-4AA1-9643-54D1A04E33C1}.Release|Any CPU.ActiveCfg = Release|Any CPU
		{E576925B-7AA8-4AA1-9643-54D1A04E33C1}.Release|Any CPU.Build.0 = Release|Any CPU
		{E576925B-7AA8-4AA1-9643-54D1A04E33C1}.Release|x64.ActiveCfg = Release|Any CPU
		{E576925B-7AA8-4AA1-9643-54D1A04E33C1}.Release|x64.Build.0 = Release|Any CPU
		{E576925B-7AA8-4AA1-9643-54D1A04E33C1}.Release|x86.ActiveCfg = Release|Any CPU
		{E576925B-7AA8-4AA1-9643-54D1A04E33C1}.Release|x86.Build.0 = Release|Any CPU
		{5B3AB483-4E73-41C6-A069-5DB5FA4A49D9}.Debug|Any CPU.ActiveCfg = Debug|Any CPU
		{5B3AB483-4E73-41C6-A069-5DB5FA4A49D9}.Debug|Any CPU.Build.0 = Debug|Any CPU
		{5B3AB483-4E73-41C6-A069-5DB5FA4A49D9}.Debug|x64.ActiveCfg = Debug|Any CPU
		{5B3AB483-4E73-41C6-A069-5DB5FA4A49D9}.Debug|x64.Build.0 = Debug|Any CPU
		{5B3AB483-4E73-41C6-A069-5DB5FA4A49D9}.Debug|x86.ActiveCfg = Debug|Any CPU
		{5B3AB483-4E73-41C6-A069-5DB5FA4A49D9}.Debug|x86.Build.0 = Debug|Any CPU
		{5B3AB483-4E73-41C6-A069-5DB5FA4A49D9}.Release|Any CPU.ActiveCfg = Release|Any CPU
		{5B3AB483-4E73-41C6-A069-5DB5FA4A49D9}.Release|Any CPU.Build.0 = Release|Any CPU
		{5B3AB483-4E73-41C6-A069-5DB5FA4A49D9}.Release|x64.ActiveCfg = Release|Any CPU
		{5B3AB483-4E73-41C6-A069-5DB5FA4A49D9}.Release|x64.Build.0 = Release|Any CPU
		{5B3AB483-4E73-41C6-A069-5DB5FA4A49D9}.Release|x86.ActiveCfg = Release|Any CPU
		{5B3AB483-4E73-41C6-A069-5DB5FA4A49D9}.Release|x86.Build.0 = Release|Any CPU
		{D057E008-FFDA-4DB8-BEAD-44B0B1F2F21B}.Debug|Any CPU.ActiveCfg = Debug|Any CPU
		{D057E008-FFDA-4DB8-BEAD-44B0B1F2F21B}.Debug|Any CPU.Build.0 = Debug|Any CPU
		{D057E008-FFDA-4DB8-BEAD-44B0B1F2F21B}.Debug|x64.ActiveCfg = Debug|Any CPU
		{D057E008-FFDA-4DB8-BEAD-44B0B1F2F21B}.Debug|x64.Build.0 = Debug|Any CPU
		{D057E008-FFDA-4DB8-BEAD-44B0B1F2F21B}.Debug|x86.ActiveCfg = Debug|Any CPU
		{D057E008-FFDA-4DB8-BEAD-44B0B1F2F21B}.Debug|x86.Build.0 = Debug|Any CPU
		{D057E008-FFDA-4DB8-BEAD-44B0B1F2F21B}.Release|Any CPU.ActiveCfg = Release|Any CPU
		{D057E008-FFDA-4DB8-BEAD-44B0B1F2F21B}.Release|Any CPU.Build.0 = Release|Any CPU
		{D057E008-FFDA-4DB8-BEAD-44B0B1F2F21B}.Release|x64.ActiveCfg = Release|Any CPU
		{D057E008-FFDA-4DB8-BEAD-44B0B1F2F21B}.Release|x64.Build.0 = Release|Any CPU
		{D057E008-FFDA-4DB8-BEAD-44B0B1F2F21B}.Release|x86.ActiveCfg = Release|Any CPU
		{D057E008-FFDA-4DB8-BEAD-44B0B1F2F21B}.Release|x86.Build.0 = Release|Any CPU
		{108B44DE-C5C6-4E20-ABAC-20548C26594E}.Debug|Any CPU.ActiveCfg = Debug|Any CPU
		{108B44DE-C5C6-4E20-ABAC-20548C26594E}.Debug|Any CPU.Build.0 = Debug|Any CPU
		{108B44DE-C5C6-4E20-ABAC-20548C26594E}.Debug|x64.ActiveCfg = Debug|Any CPU
		{108B44DE-C5C6-4E20-ABAC-20548C26594E}.Debug|x64.Build.0 = Debug|Any CPU
		{108B44DE-C5C6-4E20-ABAC-20548C26594E}.Debug|x86.ActiveCfg = Debug|Any CPU
		{108B44DE-C5C6-4E20-ABAC-20548C26594E}.Debug|x86.Build.0 = Debug|Any CPU
		{108B44DE-C5C6-4E20-ABAC-20548C26594E}.Release|Any CPU.ActiveCfg = Release|Any CPU
		{108B44DE-C5C6-4E20-ABAC-20548C26594E}.Release|Any CPU.Build.0 = Release|Any CPU
		{108B44DE-C5C6-4E20-ABAC-20548C26594E}.Release|x64.ActiveCfg = Release|Any CPU
		{108B44DE-C5C6-4E20-ABAC-20548C26594E}.Release|x64.Build.0 = Release|Any CPU
		{108B44DE-C5C6-4E20-ABAC-20548C26594E}.Release|x86.ActiveCfg = Release|Any CPU
		{108B44DE-C5C6-4E20-ABAC-20548C26594E}.Release|x86.Build.0 = Release|Any CPU
	EndGlobalSection
	GlobalSection(SolutionProperties) = preSolution
		HideSolutionNode = FALSE
	EndGlobalSection
	GlobalSection(NestedProjects) = preSolution
		{402D1E5E-A81A-4F20-9B67-F6C4CE058AC9} = {827E0CD3-B72D-47B6-A68D-7590B98EB39B}
		{FB680BA4-78A3-4C22-89F0-7F10E3E10E99} = {827E0CD3-B72D-47B6-A68D-7590B98EB39B}
		{E576925B-7AA8-4AA1-9643-54D1A04E33C1} = {827E0CD3-B72D-47B6-A68D-7590B98EB39B}
		{5B3AB483-4E73-41C6-A069-5DB5FA4A49D9} = {827E0CD3-B72D-47B6-A68D-7590B98EB39B}
		{D057E008-FFDA-4DB8-BEAD-44B0B1F2F21B} = {827E0CD3-B72D-47B6-A68D-7590B98EB39B}
		{108B44DE-C5C6-4E20-ABAC-20548C26594E} = {827E0CD3-B72D-47B6-A68D-7590B98EB39B}
	EndGlobalSection
EndGlobal
